
Microsoft Visual Studio Solution File, Format Version 12.00
# Visual Studio Version 17
VisualStudioVersion = 17.9.34902.65
MinimumVisualStudioVersion = 10.0.40219.1
Project("{888888A0-9F3D-457C-B088-3A5042F75D52}") = "LoeopardWebClass", "LoeopardWebClass.pyproj", "{106BE998-68E5-42DA-997F-03C680D9B265}"
EndProject
Global
	GlobalSection(SolutionConfigurationPlatforms) = preSolution
		Debug|Any CPU = Debug|Any CPU
		Release|Any CPU = Release|Any CPU
	EndGlobalSection
	GlobalSection(ProjectConfigurationPlatforms) = postSolution
		{106BE998-68E5-42DA-997F-03C680D9B265}.Debug|Any CPU.ActiveCfg = Debug|Any CPU
		{106BE998-68E5-42DA-997F-03C680D9B265}.Release|Any CPU.ActiveCfg = Release|Any CPU
	EndGlobalSection
	GlobalSection(SolutionProperties) = preSolution
		HideSolutionNode = FALSE
	EndGlobalSection
	GlobalSection(ExtensibilityGlobals) = postSolution
		SolutionGuid = {89864921-1101-4EB5-9C32-9EBE82416D6B}
	EndGlobalSection
EndGlobal
