
Microsoft Visual Studio Solution File, Format Version 12.00
# Visual Studio Version 17
VisualStudioVersion = 17.9.34902.65
MinimumVisualStudioVersion = 10.0.40219.1
Project("{888888A0-9F3D-457C-B088-3A5042F75D52}") = "LeopardWeb_final_Integration", "LeopardWeb_final_Integration\LeopardWeb_final_Integration.pyproj", "{7F7CA889-B452-4CBE-BD48-572BAB8E19AF}"
EndProject
Global
	GlobalSection(SolutionConfigurationPlatforms) = preSolution
		Debug|Any CPU = Debug|Any CPU
		Release|Any CPU = Release|Any CPU
	EndGlobalSection
	GlobalSection(ProjectConfigurationPlatforms) = postSolution
		{7F7CA889-B452-4CBE-BD48-572BAB8E19AF}.Debug|Any CPU.ActiveCfg = Debug|Any CPU
		{7F7CA889-B452-4CBE-BD48-572BAB8E19AF}.Release|Any CPU.ActiveCfg = Release|Any CPU
	EndGlobalSection
	GlobalSection(SolutionProperties) = preSolution
		HideSolutionNode = FALSE
	EndGlobalSection
	GlobalSection(ExtensibilityGlobals) = postSolution
		SolutionGuid = {910051E8-C211-458D-85FC-C0714D5C42AC}
	EndGlobalSection
EndGlobal
