
Microsoft Visual Studio Solution File, Format Version 12.00
# Visual Studio Version 17
VisualStudioVersion = 17.9.34902.65
MinimumVisualStudioVersion = 10.0.40219.1
Project("{888888A0-9F3D-457C-B088-3A5042F75D52}") = "LeopardWebAssignment3", "LeopardWebAssignment3\LeopardWebAssignment3.pyproj", "{97960AF6-1337-4EFD-9EE4-8A9196DC880E}"
EndProject
Global
	GlobalSection(SolutionConfigurationPlatforms) = preSolution
		Debug|Any CPU = Debug|Any CPU
		Release|Any CPU = Release|Any CPU
	EndGlobalSection
	GlobalSection(ProjectConfigurationPlatforms) = postSolution
		{97960AF6-1337-4EFD-9EE4-8A9196DC880E}.Debug|Any CPU.ActiveCfg = Debug|Any CPU
		{97960AF6-1337-4EFD-9EE4-8A9196DC880E}.Release|Any CPU.ActiveCfg = Release|Any CPU
	EndGlobalSection
	GlobalSection(SolutionProperties) = preSolution
		HideSolutionNode = FALSE
	EndGlobalSection
	GlobalSection(ExtensibilityGlobals) = postSolution
		SolutionGuid = {3E7CEB84-6500-4231-8521-2E65555A017C}
	EndGlobalSection
EndGlobal
